# THIS IS AN AUTOGENERATED FILE. DO NOT EDIT THIS FILE DIRECTLY.
# yarn lockfile v1


"@types/lodash@^4.14.112":
  version "4.14.112"
  resolved "http://registry.npm.taobao.org/@types/lodash/download/@types/lodash-4.14.112.tgz#4a8d8e5716b97a1ac01fe1931ad1e4cba719de5a"

lodash@^4.17.10:
  version "4.17.10"
  resolved "http://registry.npm.taobao.org/lodash/download/lodash-4.17.10.tgz#1b7793cf7259ea38fb3661d4d38b3260af8ae4e7"

typescript@^2.9.2:
  version "2.9.2"
  resolved "http://registry.npm.taobao.org/typescript/download/typescript-2.9.2.tgz#1cbf61d05d6b96269244eb6a3bce4bd914e0f00c"
